
Microsoft Visual Studio Solution File, Format Version 12.00
# Visual Studio Version 16
VisualStudioVersion = 16.0.29123.89
MinimumVisualStudioVersion = 10.0.40219.1
Project("{FAE04EC0-301F-11D3-BF4B-00C04F79EFBC}") = "TlsCheckFramework45", "TlsCheckFramework45\TlsCheckFramework45.csproj", "{B8C2EAA5-1579-4129-A796-B984AF954266}"
EndProject
Project("{FAE04EC0-301F-11D3-BF4B-00C04F79EFBC}") = "TlsCheckFramework461", "TlsCheckFramework461\TlsCheckFramework461.csproj", "{D82E1939-3297-458D-B6BC-2AB74FABE90E}"
EndProject
Global
	GlobalSection(SolutionConfigurationPlatforms) = preSolution
		Debug|Any CPU = Debug|Any CPU
		Release|Any CPU = Release|Any CPU
	EndGlobalSection
	GlobalSection(ProjectConfigurationPlatforms) = postSolution
		{B8C2EAA5-1579-4129-A796-B984AF954266}.Debug|Any CPU.ActiveCfg = Debug|Any CPU
		{B8C2EAA5-1579-4129-A796-B984AF954266}.Debug|Any CPU.Build.0 = Debug|Any CPU
		{B8C2EAA5-1579-4129-A796-B984AF954266}.Release|Any CPU.ActiveCfg = Release|Any CPU
		{B8C2EAA5-1579-4129-A796-B984AF954266}.Release|Any CPU.Build.0 = Release|Any CPU
		{D82E1939-3297-458D-B6BC-2AB74FABE90E}.Debug|Any CPU.ActiveCfg = Debug|Any CPU
		{D82E1939-3297-458D-B6BC-2AB74FABE90E}.Debug|Any CPU.Build.0 = Debug|Any CPU
		{D82E1939-3297-458D-B6BC-2AB74FABE90E}.Release|Any CPU.ActiveCfg = Release|Any CPU
		{D82E1939-3297-458D-B6BC-2AB74FABE90E}.Release|Any CPU.Build.0 = Release|Any CPU
	EndGlobalSection
	GlobalSection(SolutionProperties) = preSolution
		HideSolutionNode = FALSE
	EndGlobalSection
	GlobalSection(ExtensibilityGlobals) = postSolution
		SolutionGuid = {9B5D8B78-8EF7-4721-8F93-96D32697D44F}
	EndGlobalSection
EndGlobal
